// !$*UTF8*$!
{
	archiveVersion = 1;
	classes = {
	};
	objectVersion = 46;
	objects = {

/* Begin PBXBuildFile section */
		5432FBC61EA4AA3A00079D82 /* main.m in Sources */ = {isa = PBXBuildFile; fileRef = 5432FBC51EA4AA3A00079D82 /* main.m */; };
		5432FBC91EA4AA3A00079D82 /* AppDelegate.m in Sources */ = {isa = PBXBuildFile; fileRef = 5432FBC81EA4AA3A00079D82 /* AppDelegate.m */; };
		5432FBCC1EA4AA3A00079D82 /* ViewController.m in Sources */ = {isa = PBXBuildFile; fileRef = 5432FBCB1EA4AA3A00079D82 /* ViewController.m */; };
		5432FBCF1EA4AA3A00079D82 /* Main.storyboard in Resources */ = {isa = PBXBuildFile; fileRef = 5432FBCD1EA4AA3A00079D82 /* Main.storyboard */; };
		5432FBD11EA4AA3A00079D82 /* Assets.xcassets in Resources */ = {isa = PBXBuildFile; fileRef = 5432FBD01EA4AA3A00079D82 /* Assets.xcassets */; };
		5432FBD41EA4AA3A00079D82 /* LaunchScreen.storyboard in Resources */ = {isa = PBXBuildFile; fileRef = 5432FBD21EA4AA3A00079D82 /* LaunchScreen.storyboard */; };
/* End PBXBuildFile section */

/* Begin PBXFileReference section */
		5432FBC11EA4AA3A00079D82 /* WSMainProject.app */ = {isa = PBXFileReference; explicitFileType = wrapper.application; includeInIndex = 0; path = WSMainProject.app; sourceTree = BUILT_PRODUCTS_DIR; };
		5432FBC51EA4AA3A00079D82 /* main.m */ = {isa = PBXFileReference; lastKnownFileType = sourcecode.c.objc; path = main.m; sourceTree = "<group>"; };
		5432FBC71EA4AA3A00079D82 /* AppDelegate.h */ = {isa = PBXFileReference; lastKnownFileType = sourcecode.c.h; path = AppDelegate.h; sourceTree = "<group>"; };
		5432FBC81EA4AA3A00079D82 /* AppDelegate.m */ = {isa = PBXFileReference; lastKnownFileType = sourcecode.c.objc; path = AppDelegate.m; sourceTree = "<group>"; };
		5432FBCA1EA4AA3A00079D82 /* ViewController.h */ = {isa = PBXFileReference; lastKnownFileType = sourcecode.c.h; path = ViewController.h; sourceTree = "<group>"; };
		5432FBCB1EA4AA3A00079D82 /* ViewController.m */ = {isa = PBXFileReference; lastKnownFileType = sourcecode.c.objc; path = ViewController.m; sourceTree = "<group>"; };
		5432FBCE1EA4AA3A00079D82 /* Base */ = {isa = PBXFileReference; lastKnownFileType = file.storyboard; name = Base; path = Base.lproj/Main.storyboard; sourceTree = "<group>"; };
		5432FBD01EA4AA3A00079D82 /* Assets.xcassets */ = {isa = PBXFileReference; lastKnownFileType = folder.assetcatalog; path = Assets.xcassets; sourceTree = "<group>"; };
		5432FBD31EA4AA3A00079D82 /* Base */ = {isa = PBXFileReference; lastKnownFileType = file.storyboard; name = Base; path = Base.lproj/LaunchScreen.storyboard; sourceTree = "<group>"; };
		5432FBD51EA4AA3A00079D82 /* Info.plist */ = {isa = PBXFileReference; lastKnownFileType = text.plist.xml; path = Info.plist; sourceTree = "<group>"; };
/* End PBXFileReference section */

/* Begin PBXFrameworksBuildPhase section */
		5432FBBE1EA4AA3A00079D82 /* Frameworks */ = {
			isa = PBXFrameworksBuildPhase;
			buildActionMask = 2147483647;
			files = (
			);
			runOnlyForDeploymentPostprocessing = 0;
		};
/* End PBXFrameworksBuildPhase section */

/* Begin PBXGroup section */
		5432FBB81EA4AA3A00079D82 = {
			isa = PBXGroup;
			children = (
				5432FBC31EA4AA3A00079D82 /* WSMainProject */,
				5432FBC21EA4AA3A00079D82 /* Products */,
			);
			sourceTree = "<group>";
		};
		5432FBC21EA4AA3A00079D82 /* Products */ = {
			isa = PBXGroup;
			children = (
				5432FBC11EA4AA3A00079D82 /* WSMainProject.app */,
			);
			name = Products;
			sourceTree = "<group>";
		};
		5432FBC31EA4AA3A00079D82 /* WSMainProject */ = {
			isa = PBXGroup;
			children = (
				5432FBC71EA4AA3A00079D82 /* AppDelegate.h */,
				5432FBC81EA4AA3A00079D82 /* AppDelegate.m */,
				5432FBCA1EA4AA3A00079D82 /* ViewController.h */,
				5432FBCB1EA4AA3A00079D82 /* ViewController.m */,
				5432FBCD1EA4AA3A00079D82 /* Main.storyboard */,
				5432FBD01EA4AA3A00079D82 /* Assets.xcassets */,
				5432FBD21EA4AA3A00079D82 /* LaunchScreen.storyboard */,
				5432FBD51EA4AA3A00079D82 /* Info.plist */,
				5432FBC41EA4AA3A00079D82 /* Supporting Files */,
			);
			path = WSMainProject;
			sourceTree = "<group>";
		};
		5432FBC41EA4AA3A00079D82 /* Supporting Files */ = {
			isa = PBXGroup;
			children = (
				5432FBC51EA4AA3A00079D82 /* main.m */,
			);
			name = "Supporting Files";
			sourceTree = "<group>";
		};
/* End PBXGroup section */

/* Begin PBXNativeTarget section */
		5432FBC01EA4AA3A00079D82 /* WSMainProject */ = {
			isa = PBXNativeTarget;
			buildConfigurationList = 5432FBD81EA4AA3A00079D82 /* Build configuration list for PBXNativeTarget "WSMainProject" */;
			buildPhases = (
				5432FBBD1EA4AA3A00079D82 /* Sources */,
				5432FBBE1EA4AA3A00079D82 /* Frameworks */,
				5432FBBF1EA4AA3A00079D82 /* Resources */,
			);
			buildRules = (
			);
			dependencies = (
			);
			name = WSMainProject;
			productName = WSMainProject;
			productReference = 5432FBC11EA4AA3A00079D82 /* WSMainProject.app */;
			productType = "com.apple.product-type.application";
		};
/* End PBXNativeTarget section */

/* Begin PBXProject section */
		5432FBB91EA4AA3A00079D82 /* Project object */ = {
			isa = PBXProject;
			attributes = {
				LastUpgradeCheck = 0830;
				ORGANIZATIONNAME = WS;
				TargetAttributes = {
					5432FBC01EA4AA3A00079D82 = {
						CreatedOnToolsVersion = 8.3.1;
						ProvisioningStyle = Automatic;
					};
				};
			};
			buildConfigurationList = 5432FBBC1EA4AA3A00079D82 /* Build configuration list for PBXProject "WSMainProject" */;
			compatibilityVersion = "Xcode 3.2";
			developmentRegion = English;
			hasScannedForEncodings = 0;
			knownRegions = (
				en,
				Base,
			);
			mainGroup = 5432FBB81EA4AA3A00079D82;
			productRefGroup = 5432FBC21EA4AA3A00079D82 /* Products */;
			projectDirPath = "";
			projectRoot = "";
			targets = (
				5432FBC01EA4AA3A00079D82 /* WSMainProject */,
			);
		};
/* End PBXProject section */

/* Begin PBXResourcesBuildPhase section */
		5432FBBF1EA4AA3A00079D82 /* Resources */ = {
			isa = PBXResourcesBuildPhase;
			buildActionMask = 2147483647;
			files = (
				5432FBD41EA4AA3A00079D82 /* LaunchScreen.storyboard in Resources */,
				5432FBD11EA4AA3A00079D82 /* Assets.xcassets in Resources */,
				5432FBCF1EA4AA3A00079D82 /* Main.storyboard in Resources */,
			);
			runOnlyForDeploymentPostprocessing = 0;
		};
/* End PBXResourcesBuildPhase section */

/* Begin PBXSourcesBuildPhase section */
		5432FBBD1EA4AA3A00079D82 /* Sources */ = {
			isa = PBXSourcesBuildPhase;
			buildActionMask = 2147483647;
			files = (
				5432FBCC1EA4AA3A00079D82 /* ViewController.m in Sources */,
				5432FBC91EA4AA3A00079D82 /* AppDelegate.m in Sources */,
				5432FBC61EA4AA3A00079D82 /* main.m in Sources */,
			);
			runOnlyForDeploymentPostprocessing = 0;
		};
/* End PBXSourcesBuildPhase section */

/* Begin PBXVariantGroup section */
		5432FBCD1EA4AA3A00079D82 /* Main.storyboard */ = {
			isa = PBXVariantGroup;
			children = (
				5432FBCE1EA4AA3A00079D82 /* Base */,
			);
			name = Main.storyboard;
			sourceTree = "<group>";
		};
		5432FBD21EA4AA3A00079D82 /* LaunchScreen.storyboard */ = {
			isa = PBXVariantGroup;
			children = (
				5432FBD31EA4AA3A00079D82 /* Base */,
			);
			name = LaunchScreen.storyboard;
			sourceTree = "<group>";
		};
/* End PBXVariantGroup section */

/* Begin XCBuildConfiguration section */
		5432FBD61EA4AA3A00079D82 /* Debug */ = {
			isa = XCBuildConfiguration;
			buildSettings = {
				ALWAYS_SEARCH_USER_PATHS = NO;
				CLANG_ANALYZER_NONNULL = YES;
				CLANG_ANALYZER_NUMBER_OBJECT_CONVERSION = YES_AGGRESSIVE;
				CLANG_CXX_LANGUAGE_STANDARD = "gnu++0x";
				CLANG_CXX_LIBRARY = "libc++";
				CLANG_ENABLE_MODULES = YES;
				CLANG_ENABLE_OBJC_ARC = YES;
				CLANG_WARN_BOOL_CONVERSION = YES;
				CLANG_WARN_CONSTANT_CONVERSION = YES;
				CLANG_WARN_DIRECT_OBJC_ISA_USAGE = YES_ERROR;
				CLANG_WARN_DOCUMENTATION_COMMENTS = YES;
				CLANG_WARN_EMPTY_BODY = YES;
				CLANG_WARN_ENUM_CONVERSION = YES;
				CLANG_WARN_INFINITE_RECURSION = YES;
				CLANG_WARN_INT_CONVERSION = YES;
				CLANG_WARN_OBJC_ROOT_CLASS = YES_ERROR;
				CLANG_WARN_SUSPICIOUS_MOVE = YES;
				CLANG_WARN_UNREACHABLE_CODE = YES;
				CLANG_WARN__DUPLICATE_METHOD_MATCH = YES;
				"CODE_SIGN_IDENTITY[sdk=iphoneos*]" = "iPhone Developer";
				COPY_PHASE_STRIP = NO;
				DEBUG_INFORMATION_FORMAT = dwarf;
				ENABLE_STRICT_OBJC_MSGSEND = YES;
				ENABLE_TESTABILITY = YES;
				GCC_C_LANGUAGE_STANDARD = gnu99;
				GCC_DYNAMIC_NO_PIC = NO;
				GCC_NO_COMMON_BLOCKS = YES;
				GCC_OPTIMIZATION_LEVEL = 0;
				GCC_PREPROCESSOR_DEFINITIONS = (
					"DEBUG=1",
					"$(inherited)",
				);
				GCC_WARN_64_TO_32_BIT_CONVERSION = YES;
				GCC_WARN_ABOUT_RETURN_TYPE = YES_ERROR;
				GCC_WARN_UNDECLARED_SELECTOR = YES;
				GCC_WARN_UNINITIALIZED_AUTOS = YES_AGGRESSIVE;
				GCC_WARN_UNUSED_FUNCTION = YES;
				GCC_WARN_UNUSED_VARIABLE = YES;
				IPHONEOS_DEPLOYMENT_TARGET = 10.3;
				MTL_ENABLE_DEBUG_INFO = YES;
				ONLY_ACTIVE_ARCH = YES;
				SDKROOT = iphoneos;
				TARGETED_DEVICE_FAMILY = "1,2";
			};
			name = Debug;
		};
		5432FBD71EA4AA3A00079D82 /* Release */ = {
			isa = XCBuildConfiguration;
			buildSettings = {
				ALWAYS_SEARCH_USER_PATHS = NO;
				CLANG_ANALYZER_NONNULL = YES;
				CLANG_ANALYZER_NUMBER_OBJECT_CONVERSION = YES_AGGRESSIVE;
				CLANG_CXX_LANGUAGE_STANDARD = "gnu++0x";
				CLANG_CXX_LIBRARY = "libc++";
				CLANG_ENABLE_MODULES = YES;
				CLANG_ENABLE_OBJC_ARC = YES;
				CLANG_WARN_BOOL_CONVERSION = YES;
				CLANG_WARN_CONSTANT_CONVERSION = YES;
				CLANG_WARN_DIRECT_OBJC_ISA_USAGE = YES_ERROR;
				CLANG_WARN_DOCUMENTATION_COMMENTS = YES;
				CLANG_WARN_EMPTY_BODY = YES;
				CLANG_WARN_ENUM_CONVERSION = YES;
				CLANG_WARN_INFINITE_RECURSION = YES;
				CLANG_WARN_INT_CONVERSION = YES;
				CLANG_WARN_OBJC_ROOT_CLASS = YES_ERROR;
				CLANG_WARN_SUSPICIOUS_MOVE = YES;
				CLANG_WARN_UNREACHABLE_CODE = YES;
				CLANG_WARN__DUPLICATE_METHOD_MATCH = YES;
				"CODE_SIGN_IDENTITY[sdk=iphoneos*]" = "iPhone Developer";
				COPY_PHASE_STRIP = NO;
				DEBUG_INFORMATION_FORMAT = "dwarf-with-dsym";
				ENABLE_NS_ASSERTIONS = NO;
				ENABLE_STRICT_OBJC_MSGSEND = YES;
				GCC_C_LANGUAGE_STANDARD = gnu99;
				GCC_NO_COMMON_BLOCKS = YES;
				GCC_WARN_64_TO_32_BIT_CONVERSION = YES;
				GCC_WARN_ABOUT_RETURN_TYPE = YES_ERROR;
				GCC_WARN_UNDECLARED_SELECTOR = YES;
				GCC_WARN_UNINITIALIZED_AUTOS = YES_AGGRESSIVE;
				GCC_WARN_UNUSED_FUNCTION = YES;
				GCC_WARN_UNUSED_VARIABLE = YES;
				IPHONEOS_DEPLOYMENT_TARGET = 10.3;
				MTL_ENABLE_DEBUG_INFO = NO;
				SDKROOT = iphoneos;
				TARGETED_DEVICE_FAMILY = "1,2";
				VALIDATE_PRODUCT = YES;
			};
			name = Release;
		};
		5432FBD91EA4AA3A00079D82 /* Debug */ = {
			isa = XCBuildConfiguration;
			buildSettings = {
				ASSETCATALOG_COMPILER_APPICON_NAME = AppIcon;
				INFOPLIST_FILE = WSMainProject/Info.plist;
				LD_RUNPATH_SEARCH_PATHS = "$(inherited) @executable_path/Frameworks";
				PRODUCT_BUNDLE_IDENTIFIER = WS.WSMainProject;
				PRODUCT_NAME = "$(TARGET_NAME)";
			};
			name = Debug;
		};
		5432FBDA1EA4AA3A00079D82 /* Release */ = {
			isa = XCBuildConfiguration;
			buildSettings = {
				ASSETCATALOG_COMPILER_APPICON_NAME = AppIcon;
				INFOPLIST_FILE = WSMainProject/Info.plist;
				LD_RUNPATH_SEARCH_PATHS = "$(inherited) @executable_path/Frameworks";
				PRODUCT_BUNDLE_IDENTIFIER = WS.WSMainProject;
				PRODUCT_NAME = "$(TARGET_NAME)";
			};
			name = Release;
		};
/* End XCBuildConfiguration section */

/* Begin XCConfigurationList section */
		5432FBBC1EA4AA3A00079D82 /* Build configuration list for PBXProject "WSMainProject" */ = {
			isa = XCConfigurationList;
			buildConfigurations = (
				5432FBD61EA4AA3A00079D82 /* Debug */,
				5432FBD71EA4AA3A00079D82 /* Release */,
			);
			defaultConfigurationIsVisible = 0;
			defaultConfigurationName = Release;
		};
		5432FBD81EA4AA3A00079D82 /* Build configuration list for PBXNativeTarget "WSMainProject" */ = {
			isa = XCConfigurationList;
			buildConfigurations = (
				5432FBD91EA4AA3A00079D82 /* Debug */,
				5432FBDA1EA4AA3A00079D82 /* Release */,
			);
			defaultConfigurationIsVisible = 0;
		};
/* End XCConfigurationList section */
	};
	rootObject = 5432FBB91EA4AA3A00079D82 /* Project object */;
}
